
Microsoft Visual Studio Solution File, Format Version 12.00
# Visual Studio Version 16
VisualStudioVersion = 16.0.31702.278
MinimumVisualStudioVersion = 10.0.40219.1
Project("{9A19103F-16F7-4668-BE54-9A1E7A4F7556}") = "ClienteConsole", "ClienteConsole\ClienteConsole.csproj", "{086C3376-3298-453E-A57D-58572946D77B}"
EndProject
Project("{9A19103F-16F7-4668-BE54-9A1E7A4F7556}") = "FluentTest", "FluentTest\FluentTest.csproj", "{02972E2A-243C-444E-974F-0BFE56B251D2}"
EndProject
Global
	GlobalSection(SolutionConfigurationPlatforms) = preSolution
		Debug|Any CPU = Debug|Any CPU
		Release|Any CPU = Release|Any CPU
	EndGlobalSection
	GlobalSection(ProjectConfigurationPlatforms) = postSolution
		{086C3376-3298-453E-A57D-58572946D77B}.Debug|Any CPU.ActiveCfg = Debug|Any CPU
		{086C3376-3298-453E-A57D-58572946D77B}.Debug|Any CPU.Build.0 = Debug|Any CPU
		{086C3376-3298-453E-A57D-58572946D77B}.Release|Any CPU.ActiveCfg = Release|Any CPU
		{086C3376-3298-453E-A57D-58572946D77B}.Release|Any CPU.Build.0 = Release|Any CPU
		{02972E2A-243C-444E-974F-0BFE56B251D2}.Debug|Any CPU.ActiveCfg = Debug|Any CPU
		{02972E2A-243C-444E-974F-0BFE56B251D2}.Debug|Any CPU.Build.0 = Debug|Any CPU
		{02972E2A-243C-444E-974F-0BFE56B251D2}.Release|Any CPU.ActiveCfg = Release|Any CPU
		{02972E2A-243C-444E-974F-0BFE56B251D2}.Release|Any CPU.Build.0 = Release|Any CPU
	EndGlobalSection
	GlobalSection(SolutionProperties) = preSolution
		HideSolutionNode = FALSE
	EndGlobalSection
	GlobalSection(ExtensibilityGlobals) = postSolution
		SolutionGuid = {BF1D834A-FDAD-45EE-9149-CB0C9658C3FD}
	EndGlobalSection
EndGlobal
